
Microsoft Visual Studio Solution File, Format Version 9.00
# Visual Studio 2005
Project("{F184B08F-C81C-45F6-A57F-5ABD9991F28F}") = "Tweak_ELF", "Tweak_ELF\Tweak_ELF.vbproj", "{9E58B422-D7B5-4786-94D4-1A1469285036}"
EndProject
Global
	GlobalSection(SolutionConfigurationPlatforms) = preSolution
		Debug|Any CPU = Debug|Any CPU
		Release|Any CPU = Release|Any CPU
	EndGlobalSection
	GlobalSection(ProjectConfigurationPlatforms) = postSolution
		{9E58B422-D7B5-4786-94D4-1A1469285036}.Debug|Any CPU.ActiveCfg = Debug|Any CPU
		{9E58B422-D7B5-4786-94D4-1A1469285036}.Debug|Any CPU.Build.0 = Debug|Any CPU
		{9E58B422-D7B5-4786-94D4-1A1469285036}.Debug|Any CPU.Deploy.0 = Debug|Any CPU
		{9E58B422-D7B5-4786-94D4-1A1469285036}.Release|Any CPU.ActiveCfg = Release|Any CPU
		{9E58B422-D7B5-4786-94D4-1A1469285036}.Release|Any CPU.Build.0 = Release|Any CPU
		{9E58B422-D7B5-4786-94D4-1A1469285036}.Release|Any CPU.Deploy.0 = Release|Any CPU
	EndGlobalSection
	GlobalSection(SolutionProperties) = preSolution
		HideSolutionNode = FALSE
	EndGlobalSection
EndGlobal
